
Microsoft Visual Studio Solution File, Format Version 12.00
# Visual Studio Version 17
VisualStudioVersion = 17.10.35122.118
MinimumVisualStudioVersion = 10.0.40219.1
Project("{9A19103F-16F7-4668-BE54-9A1E7A4F7556}") = "DirToM3u", "DirToM3u.csproj", "{45639827-B4A4-41C7-A60E-38BD48532423}"
EndProject
Project("{2150E333-8FDC-42A3-9474-1A3956D46DE8}") = "Deploy", "Deploy", "{AA939431-1ACF-44F7-B7B1-A8138ECEF388}"
	ProjectSection(SolutionItems) = preProject
		deploy.bat = deploy.bat
	EndProjectSection
EndProject
Project("{FAE04EC0-301F-11D3-BF4B-00C04F79EFBC}") = "Fringilla.Media", "Fringilla.Media\Fringilla.Media.csproj", "{A4CD91E7-A70A-4057-94B2-2C5FA736401D}"
EndProject
Global
	GlobalSection(SolutionConfigurationPlatforms) = preSolution
		Debug|Any CPU = Debug|Any CPU
		Release|Any CPU = Release|Any CPU
	EndGlobalSection
	GlobalSection(ProjectConfigurationPlatforms) = postSolution
		{45639827-B4A4-41C7-A60E-38BD48532423}.Debug|Any CPU.ActiveCfg = Debug|Any CPU
		{45639827-B4A4-41C7-A60E-38BD48532423}.Debug|Any CPU.Build.0 = Debug|Any CPU
		{45639827-B4A4-41C7-A60E-38BD48532423}.Release|Any CPU.ActiveCfg = Release|Any CPU
		{45639827-B4A4-41C7-A60E-38BD48532423}.Release|Any CPU.Build.0 = Release|Any CPU
		{A4CD91E7-A70A-4057-94B2-2C5FA736401D}.Debug|Any CPU.ActiveCfg = Debug|Any CPU
		{A4CD91E7-A70A-4057-94B2-2C5FA736401D}.Debug|Any CPU.Build.0 = Debug|Any CPU
		{A4CD91E7-A70A-4057-94B2-2C5FA736401D}.Release|Any CPU.ActiveCfg = Release|Any CPU
		{A4CD91E7-A70A-4057-94B2-2C5FA736401D}.Release|Any CPU.Build.0 = Release|Any CPU
	EndGlobalSection
	GlobalSection(SolutionProperties) = preSolution
		HideSolutionNode = FALSE
	EndGlobalSection
	GlobalSection(ExtensibilityGlobals) = postSolution
		SolutionGuid = {DAD1ACD2-7B7B-4F84-9F39-A3DC51D54FBB}
	EndGlobalSection
EndGlobal
